lockfileVersion: '6.0'

settings:
  autoInstallPeers: true
  excludeLinksFromLockfile: false

dependencies:
  playwright:
    specifier: ^1.29.0
    version: 1.35.0

packages:

  /playwright-core@1.35.0:
    resolution: {integrity: sha512-muMXyPmIx/2DPrCHOD1H1ePT01o7OdKxKj2ebmCAYvqhUy+Y1bpal7B0rdoxros7YrXI294JT/DWw2LqyiqTPA==}
    engines: {node: '>=16'}
    hasBin: true
    dev: false

  /playwright@1.35.0:
    resolution: {integrity: sha512-xhFhsoBmKPQfj3dM+HbIiFVlqRCZp2rwdJd/QFd9YBuidabo3TkVv0iuxPQ4vZoMwtSI7qzjY93f5ohdC97hww==}
    engines: {node: '>=16'}
    hasBin: true
    requiresBuild: true
    dependencies:
      playwright-core: 1.35.0
    dev: false
